
Microsoft Visual Studio Solution File, Format Version 12.00
# Visual Studio 14
VisualStudioVersion = 14.0.25420.1
MinimumVisualStudioVersion = 10.0.40219.1
Project("{FAE04EC0-301F-11D3-BF4B-00C04F79EFBC}") = "Basics", "Basics\Basics.csproj", "{ED6DD08E-0E4F-4917-A210-46EE1738E1D3}"
EndProject
Project("{FAE04EC0-301F-11D3-BF4B-00C04F79EFBC}") = "TrainingCompany", "TrainingCompany\TrainingCompany.csproj", "{68512F69-EBEF-4D6A-84C6-720D92048119}"
EndProject
Project("{FAE04EC0-301F-11D3-BF4B-00C04F79EFBC}") = "TwitterClient", "TwitterClient\TwitterClient.csproj", "{058E74B0-00B3-48A9-8523-D15A2FDD0E86}"
EndProject
Project("{FAE04EC0-301F-11D3-BF4B-00C04F79EFBC}") = "UploadVideoClient.cs", "UploadVideoClient.cs\UploadVideoClient.cs.csproj", "{D9494601-FC45-433A-B4A3-25E13433443F}"
EndProject
Global
	GlobalSection(SolutionConfigurationPlatforms) = preSolution
		Debug|Any CPU = Debug|Any CPU
		Release|Any CPU = Release|Any CPU
	EndGlobalSection
	GlobalSection(ProjectConfigurationPlatforms) = postSolution
		{ED6DD08E-0E4F-4917-A210-46EE1738E1D3}.Debug|Any CPU.ActiveCfg = Debug|Any CPU
		{ED6DD08E-0E4F-4917-A210-46EE1738E1D3}.Debug|Any CPU.Build.0 = Debug|Any CPU
		{ED6DD08E-0E4F-4917-A210-46EE1738E1D3}.Release|Any CPU.ActiveCfg = Release|Any CPU
		{ED6DD08E-0E4F-4917-A210-46EE1738E1D3}.Release|Any CPU.Build.0 = Release|Any CPU
		{68512F69-EBEF-4D6A-84C6-720D92048119}.Debug|Any CPU.ActiveCfg = Debug|Any CPU
		{68512F69-EBEF-4D6A-84C6-720D92048119}.Debug|Any CPU.Build.0 = Debug|Any CPU
		{68512F69-EBEF-4D6A-84C6-720D92048119}.Release|Any CPU.ActiveCfg = Release|Any CPU
		{68512F69-EBEF-4D6A-84C6-720D92048119}.Release|Any CPU.Build.0 = Release|Any CPU
		{058E74B0-00B3-48A9-8523-D15A2FDD0E86}.Debug|Any CPU.ActiveCfg = Debug|Any CPU
		{058E74B0-00B3-48A9-8523-D15A2FDD0E86}.Debug|Any CPU.Build.0 = Debug|Any CPU
		{058E74B0-00B3-48A9-8523-D15A2FDD0E86}.Release|Any CPU.ActiveCfg = Release|Any CPU
		{058E74B0-00B3-48A9-8523-D15A2FDD0E86}.Release|Any CPU.Build.0 = Release|Any CPU
		{D9494601-FC45-433A-B4A3-25E13433443F}.Debug|Any CPU.ActiveCfg = Debug|Any CPU
		{D9494601-FC45-433A-B4A3-25E13433443F}.Debug|Any CPU.Build.0 = Debug|Any CPU
		{D9494601-FC45-433A-B4A3-25E13433443F}.Release|Any CPU.ActiveCfg = Release|Any CPU
		{D9494601-FC45-433A-B4A3-25E13433443F}.Release|Any CPU.Build.0 = Release|Any CPU
	EndGlobalSection
	GlobalSection(SolutionProperties) = preSolution
		HideSolutionNode = FALSE
	EndGlobalSection
EndGlobal
